
Microsoft Visual Studio Solution File, Format Version 12.00
# Visual Studio 15
VisualStudioVersion = 15.0.28010.2050
MinimumVisualStudioVersion = 10.0.40219.1
Project("{FAE04EC0-301F-11D3-BF4B-00C04F79EFBC}") = "SampleWebAppDemo", "SampleWebAppDemo\SampleWebAppDemo.csproj", "{7F94FC66-B014-4229-895A-F7E26AB0AB92}"
EndProject
Global
	GlobalSection(SolutionConfigurationPlatforms) = preSolution
		Debug|Any CPU = Debug|Any CPU
		Release|Any CPU = Release|Any CPU
	EndGlobalSection
	GlobalSection(ProjectConfigurationPlatforms) = postSolution
		{7F94FC66-B014-4229-895A-F7E26AB0AB92}.Debug|Any CPU.ActiveCfg = Debug|Any CPU
		{7F94FC66-B014-4229-895A-F7E26AB0AB92}.Debug|Any CPU.Build.0 = Debug|Any CPU
		{7F94FC66-B014-4229-895A-F7E26AB0AB92}.Release|Any CPU.ActiveCfg = Release|Any CPU
		{7F94FC66-B014-4229-895A-F7E26AB0AB92}.Release|Any CPU.Build.0 = Release|Any CPU
	EndGlobalSection
	GlobalSection(SolutionProperties) = preSolution
		HideSolutionNode = FALSE
	EndGlobalSection
	GlobalSection(ExtensibilityGlobals) = postSolution
		SolutionGuid = {95185F17-DC61-4DF3-9817-7C9ECF807E20}
	EndGlobalSection
EndGlobal
